// !$*UTF8*$!
{
	archiveVersion = 1;
	classes = {
	};
	objectVersion = 51;
	objects = {

/* Begin PBXBuildFile section */
		184D8A3F26584D6B000DCB1F /* AppDelegate.swift in Sources */ = {isa = PBXBuildFile; fileRef = 184D8A3E26584D6B000DCB1F /* AppDelegate.swift */; };
		184D8A4126584D6B000DCB1F /* SceneDelegate.swift in Sources */ = {isa = PBXBuildFile; fileRef = 184D8A4026584D6B000DCB1F /* SceneDelegate.swift */; };
		184D8A4626584D6B000DCB1F /* Main.storyboard in Resources */ = {isa = PBXBuildFile; fileRef = 184D8A4426584D6B000DCB1F /* Main.storyboard */; };
		184D8A4826584D6D000DCB1F /* Assets.xcassets in Resources */ = {isa = PBXBuildFile; fileRef = 184D8A4726584D6D000DCB1F /* Assets.xcassets */; };
		184D8A4B26584D6D000DCB1F /* LaunchScreen.storyboard in Resources */ = {isa = PBXBuildFile; fileRef = 184D8A4926584D6D000DCB1F /* LaunchScreen.storyboard */; };
		184D8A5C26585054000DCB1F /* Movie.swift in Sources */ = {isa = PBXBuildFile; fileRef = 184D8A5B26585054000DCB1F /* Movie.swift */; };
		184D8A612658509C000DCB1F /* Constants.swift in Sources */ = {isa = PBXBuildFile; fileRef = 184D8A602658509C000DCB1F /* Constants.swift */; };
		184D8A6626585130000DCB1F /* MoviesAPIService.swift in Sources */ = {isa = PBXBuildFile; fileRef = 184D8A6526585130000DCB1F /* MoviesAPIService.swift */; };
		184D8A6B26585215000DCB1F /* MoviesTabBarContorller.swift in Sources */ = {isa = PBXBuildFile; fileRef = 184D8A6A26585215000DCB1F /* MoviesTabBarContorller.swift */; };
		184D8A6F26585275000DCB1F /* MovieListViewController.swift in Sources */ = {isa = PBXBuildFile; fileRef = 184D8A6E26585275000DCB1F /* MovieListViewController.swift */; };
		184D8A72265852D0000DCB1F /* MovieListViewController+TableCollectionView.swift in Sources */ = {isa = PBXBuildFile; fileRef = 184D8A71265852D0000DCB1F /* MovieListViewController+TableCollectionView.swift */; };
		184D8A752658530A000DCB1F /* MovieDetailsViewController.swift in Sources */ = {isa = PBXBuildFile; fileRef = 184D8A742658530A000DCB1F /* MovieDetailsViewController.swift */; };
		184D8A7926585362000DCB1F /* ColumnFlowLayout.swift in Sources */ = {isa = PBXBuildFile; fileRef = 184D8A7826585362000DCB1F /* ColumnFlowLayout.swift */; };
		184D8A7C2658537F000DCB1F /* RoundedButton.swift in Sources */ = {isa = PBXBuildFile; fileRef = 184D8A7B2658537F000DCB1F /* RoundedButton.swift */; };
		184D8A7F265853A3000DCB1F /* InfiniteScrollActivityView.swift in Sources */ = {isa = PBXBuildFile; fileRef = 184D8A7E265853A3000DCB1F /* InfiniteScrollActivityView.swift */; };
		184D8A8B265854B6000DCB1F /* MovieGridViewCell.swift in Sources */ = {isa = PBXBuildFile; fileRef = 184D8A8A265854B6000DCB1F /* MovieGridViewCell.swift */; };
		184D8A8F265854DA000DCB1F /* MovieListViewCell.swift in Sources */ = {isa = PBXBuildFile; fileRef = 184D8A8E265854DA000DCB1F /* MovieListViewCell.swift */; };
		B75FF31562CB2168A84087D6 /* Pods_Moovflix.framework in Frameworks */ = {isa = PBXBuildFile; fileRef = 56C6C456F7BE97343EDA718C /* Pods_Moovflix.framework */; };
/* End PBXBuildFile section */

/* Begin PBXFileReference section */
		184D8A3B26584D6B000DCB1F /* Moovflix.app */ = {isa = PBXFileReference; explicitFileType = wrapper.application; includeInIndex = 0; path = Moovflix.app; sourceTree = BUILT_PRODUCTS_DIR; };
		184D8A3E26584D6B000DCB1F /* AppDelegate.swift */ = {isa = PBXFileReference; lastKnownFileType = sourcecode.swift; path = AppDelegate.swift; sourceTree = "<group>"; };
		184D8A4026584D6B000DCB1F /* SceneDelegate.swift */ = {isa = PBXFileReference; lastKnownFileType = sourcecode.swift; path = SceneDelegate.swift; sourceTree = "<group>"; };
		184D8A4526584D6B000DCB1F /* Base */ = {isa = PBXFileReference; lastKnownFileType = file.storyboard; name = Base; path = Base.lproj/Main.storyboard; sourceTree = "<group>"; };
		184D8A4726584D6D000DCB1F /* Assets.xcassets */ = {isa = PBXFileReference; lastKnownFileType = folder.assetcatalog; path = Assets.xcassets; sourceTree = "<group>"; };
		184D8A4A26584D6D000DCB1F /* Base */ = {isa = PBXFileReference; lastKnownFileType = file.storyboard; name = Base; path = Base.lproj/LaunchScreen.storyboard; sourceTree = "<group>"; };
		184D8A4C26584D6D000DCB1F /* Info.plist */ = {isa = PBXFileReference; lastKnownFileType = text.plist.xml; path = Info.plist; sourceTree = "<group>"; };
		184D8A5B26585054000DCB1F /* Movie.swift */ = {isa = PBXFileReference; lastKnownFileType = sourcecode.swift; path = Movie.swift; sourceTree = "<group>"; };
		184D8A602658509C000DCB1F /* Constants.swift */ = {isa = PBXFileReference; lastKnownFileType = sourcecode.swift; path = Constants.swift; sourceTree = "<group>"; };
		184D8A6526585130000DCB1F /* MoviesAPIService.swift */ = {isa = PBXFileReference; lastKnownFileType = sourcecode.swift; path = MoviesAPIService.swift; sourceTree = "<group>"; };
		184D8A6A26585215000DCB1F /* MoviesTabBarContorller.swift */ = {isa = PBXFileReference; lastKnownFileType = sourcecode.swift; path = MoviesTabBarContorller.swift; sourceTree = "<group>"; };
		184D8A6E26585275000DCB1F /* MovieListViewController.swift */ = {isa = PBXFileReference; lastKnownFileType = sourcecode.swift; path = MovieListViewController.swift; sourceTree = "<group>"; };
		184D8A71265852D0000DCB1F /* MovieListViewController+TableCollectionView.swift */ = {isa = PBXFileReference; lastKnownFileType = sourcecode.swift; path = "MovieListViewController+TableCollectionView.swift"; sourceTree = "<group>"; };
		184D8A742658530A000DCB1F /* MovieDetailsViewController.swift */ = {isa = PBXFileReference; lastKnownFileType = sourcecode.swift; path = MovieDetailsViewController.swift; sourceTree = "<group>"; };
		184D8A7826585362000DCB1F /* ColumnFlowLayout.swift */ = {isa = PBXFileReference; lastKnownFileType = sourcecode.swift; path = ColumnFlowLayout.swift; sourceTree = "<group>"; };
		184D8A7B2658537F000DCB1F /* RoundedButton.swift */ = {isa = PBXFileReference; lastKnownFileType = sourcecode.swift; path = RoundedButton.swift; sourceTree = "<group>"; };
		184D8A7E265853A3000DCB1F /* InfiniteScrollActivityView.swift */ = {isa = PBXFileReference; lastKnownFileType = sourcecode.swift; path = InfiniteScrollActivityView.swift; sourceTree = "<group>"; };
		184D8A8A265854B6000DCB1F /* MovieGridViewCell.swift */ = {isa = PBXFileReference; lastKnownFileType = sourcecode.swift; path = MovieGridViewCell.swift; sourceTree = "<group>"; };
		184D8A8E265854DA000DCB1F /* MovieListViewCell.swift */ = {isa = PBXFileReference; lastKnownFileType = sourcecode.swift; path = MovieListViewCell.swift; sourceTree = "<group>"; };
		3588245DB472DE3444E74830 /* Pods-Moovflix.debug.xcconfig */ = {isa = PBXFileReference; includeInIndex = 1; lastKnownFileType = text.xcconfig; name = "Pods-Moovflix.debug.xcconfig"; path = "Target Support Files/Pods-Moovflix/Pods-Moovflix.debug.xcconfig"; sourceTree = "<group>"; };
		56C6C456F7BE97343EDA718C /* Pods_Moovflix.framework */ = {isa = PBXFileReference; explicitFileType = wrapper.framework; includeInIndex = 0; path = Pods_Moovflix.framework; sourceTree = BUILT_PRODUCTS_DIR; };
		F6F70E6D4497047844F57056 /* Pods-Moovflix.release.xcconfig */ = {isa = PBXFileReference; includeInIndex = 1; lastKnownFileType = text.xcconfig; name = "Pods-Moovflix.release.xcconfig"; path = "Target Support Files/Pods-Moovflix/Pods-Moovflix.release.xcconfig"; sourceTree = "<group>"; };
/* End PBXFileReference section */

/* Begin PBXFrameworksBuildPhase section */
		184D8A3826584D6B000DCB1F /* Frameworks */ = {
			isa = PBXFrameworksBuildPhase;
			buildActionMask = 2147483647;
			files = (
				B75FF31562CB2168A84087D6 /* Pods_Moovflix.framework in Frameworks */,
			);
			runOnlyForDeploymentPostprocessing = 0;
		};
/* End PBXFrameworksBuildPhase section */

/* Begin PBXGroup section */
		184D8A3226584D6B000DCB1F = {
			isa = PBXGroup;
			children = (
				184D8A3D26584D6B000DCB1F /* Moovflix */,
				184D8A3C26584D6B000DCB1F /* Products */,
				F328332F59764654BEFF862B /* Pods */,
				8FFDDF72135FD7DDEBF6F519 /* Frameworks */,
			);
			sourceTree = "<group>";
		};
		184D8A3C26584D6B000DCB1F /* Products */ = {
			isa = PBXGroup;
			children = (
				184D8A3B26584D6B000DCB1F /* Moovflix.app */,
			);
			name = Products;
			sourceTree = "<group>";
		};
		184D8A3D26584D6B000DCB1F /* Moovflix */ = {
			isa = PBXGroup;
			children = (
				184D8A5F26585075000DCB1F /* Constants */,
				184D8A772658532A000DCB1F /* Customs */,
				184D8A6426585102000DCB1F /* Service */,
				184D8A5A2658503E000DCB1F /* Models */,
				184D8A69265851AD000DCB1F /* View Controllers */,
				184D8A8926585494000DCB1F /* Cells */,
				184D8A8126585430000DCB1F /* Storyboards */,
				184D8A3E26584D6B000DCB1F /* AppDelegate.swift */,
				184D8A4026584D6B000DCB1F /* SceneDelegate.swift */,
				184D8A4726584D6D000DCB1F /* Assets.xcassets */,
				184D8A4C26584D6D000DCB1F /* Info.plist */,
			);
			path = Moovflix;
			sourceTree = "<group>";
		};
		184D8A5A2658503E000DCB1F /* Models */ = {
			isa = PBXGroup;
			children = (
				184D8A5B26585054000DCB1F /* Movie.swift */,
			);
			path = Models;
			sourceTree = "<group>";
		};
		184D8A5F26585075000DCB1F /* Constants */ = {
			isa = PBXGroup;
			children = (
				184D8A602658509C000DCB1F /* Constants.swift */,
			);
			path = Constants;
			sourceTree = "<group>";
		};
		184D8A6426585102000DCB1F /* Service */ = {
			isa = PBXGroup;
			children = (
				184D8A6526585130000DCB1F /* MoviesAPIService.swift */,
			);
			path = Service;
			sourceTree = "<group>";
		};
		184D8A69265851AD000DCB1F /* View Controllers */ = {
			isa = PBXGroup;
			children = (
				184D8A6A26585215000DCB1F /* MoviesTabBarContorller.swift */,
				184D8A6E26585275000DCB1F /* MovieListViewController.swift */,
				184D8A71265852D0000DCB1F /* MovieListViewController+TableCollectionView.swift */,
				184D8A742658530A000DCB1F /* MovieDetailsViewController.swift */,
			);
			path = "View Controllers";
			sourceTree = "<group>";
		};
		184D8A772658532A000DCB1F /* Customs */ = {
			isa = PBXGroup;
			children = (
				184D8A7826585362000DCB1F /* ColumnFlowLayout.swift */,
				184D8A7B2658537F000DCB1F /* RoundedButton.swift */,
				184D8A7E265853A3000DCB1F /* InfiniteScrollActivityView.swift */,
			);
			path = Customs;
			sourceTree = "<group>";
		};
		184D8A8126585430000DCB1F /* Storyboards */ = {
			isa = PBXGroup;
			children = (
				184D8A4426584D6B000DCB1F /* Main.storyboard */,
				184D8A4926584D6D000DCB1F /* LaunchScreen.storyboard */,
			);
			path = Storyboards;
			sourceTree = "<group>";
		};
		184D8A8926585494000DCB1F /* Cells */ = {
			isa = PBXGroup;
			children = (
				184D8A8A265854B6000DCB1F /* MovieGridViewCell.swift */,
				184D8A8E265854DA000DCB1F /* MovieListViewCell.swift */,
			);
			path = Cells;
			sourceTree = "<group>";
		};
		8FFDDF72135FD7DDEBF6F519 /* Frameworks */ = {
			isa = PBXGroup;
			children = (
				56C6C456F7BE97343EDA718C /* Pods_Moovflix.framework */,
			);
			name = Frameworks;
			sourceTree = "<group>";
		};
		F328332F59764654BEFF862B /* Pods */ = {
			isa = PBXGroup;
			children = (
				3588245DB472DE3444E74830 /* Pods-Moovflix.debug.xcconfig */,
				F6F70E6D4497047844F57056 /* Pods-Moovflix.release.xcconfig */,
			);
			path = Pods;
			sourceTree = "<group>";
		};
/* End PBXGroup section */

/* Begin PBXNativeTarget section */
		184D8A3A26584D6B000DCB1F /* Moovflix */ = {
			isa = PBXNativeTarget;
			buildConfigurationList = 184D8A4F26584D6D000DCB1F /* Build configuration list for PBXNativeTarget "Moovflix" */;
			buildPhases = (
				9021D797B127F7B0B5B04270 /* [CP] Check Pods Manifest.lock */,
				184D8A3726584D6B000DCB1F /* Sources */,
				184D8A3826584D6B000DCB1F /* Frameworks */,
				184D8A3926584D6B000DCB1F /* Resources */,
				F783BF453DBB26656C1B8A89 /* [CP] Embed Pods Frameworks */,
			);
			buildRules = (
			);
			dependencies = (
			);
			name = Moovflix;
			productName = Moovflix;
			productReference = 184D8A3B26584D6B000DCB1F /* Moovflix.app */;
			productType = "com.apple.product-type.application";
		};
/* End PBXNativeTarget section */

/* Begin PBXProject section */
		184D8A3326584D6B000DCB1F /* Project object */ = {
			isa = PBXProject;
			attributes = {
				LastSwiftUpdateCheck = 1240;
				LastUpgradeCheck = 1240;
				TargetAttributes = {
					184D8A3A26584D6B000DCB1F = {
						CreatedOnToolsVersion = 12.4;
					};
				};
			};
			buildConfigurationList = 184D8A3626584D6B000DCB1F /* Build configuration list for PBXProject "Moovflix" */;
			compatibilityVersion = "Xcode 9.3";
			developmentRegion = en;
			hasScannedForEncodings = 0;
			knownRegions = (
				en,
				Base,
			);
			mainGroup = 184D8A3226584D6B000DCB1F;
			productRefGroup = 184D8A3C26584D6B000DCB1F /* Products */;
			projectDirPath = "";
			projectRoot = "";
			targets = (
				184D8A3A26584D6B000DCB1F /* Moovflix */,
			);
		};
/* End PBXProject section */

/* Begin PBXResourcesBuildPhase section */
		184D8A3926584D6B000DCB1F /* Resources */ = {
			isa = PBXResourcesBuildPhase;
			buildActionMask = 2147483647;
			files = (
				184D8A4B26584D6D000DCB1F /* LaunchScreen.storyboard in Resources */,
				184D8A4826584D6D000DCB1F /* Assets.xcassets in Resources */,
				184D8A4626584D6B000DCB1F /* Main.storyboard in Resources */,
			);
			runOnlyForDeploymentPostprocessing = 0;
		};
/* End PBXResourcesBuildPhase section */

/* Begin PBXShellScriptBuildPhase section */
		9021D797B127F7B0B5B04270 /* [CP] Check Pods Manifest.lock */ = {
			isa = PBXShellScriptBuildPhase;
			buildActionMask = 2147483647;
			files = (
			);
			inputFileListPaths = (
			);
			inputPaths = (
				"${PODS_PODFILE_DIR_PATH}/Podfile.lock",
				"${PODS_ROOT}/Manifest.lock",
			);
			name = "[CP] Check Pods Manifest.lock";
			outputFileListPaths = (
			);
			outputPaths = (
				"$(DERIVED_FILE_DIR)/Pods-Moovflix-checkManifestLockResult.txt",
			);
			runOnlyForDeploymentPostprocessing = 0;
			shellPath = /bin/sh;
			shellScript = "diff \"${PODS_PODFILE_DIR_PATH}/Podfile.lock\" \"${PODS_ROOT}/Manifest.lock\" > /dev/null\nif [ $? != 0 ] ; then\n    # print error to STDERR\n    echo \"error: The sandbox is not in sync with the Podfile.lock. Run 'pod install' or update your CocoaPods installation.\" >&2\n    exit 1\nfi\n# This output is used by Xcode 'outputs' to avoid re-running this script phase.\necho \"SUCCESS\" > \"${SCRIPT_OUTPUT_FILE_0}\"\n";
			showEnvVarsInLog = 0;
		};
		F783BF453DBB26656C1B8A89 /* [CP] Embed Pods Frameworks */ = {
			isa = PBXShellScriptBuildPhase;
			buildActionMask = 2147483647;
			files = (
			);
			inputFileListPaths = (
				"${PODS_ROOT}/Target Support Files/Pods-Moovflix/Pods-Moovflix-frameworks-${CONFIGURATION}-input-files.xcfilelist",
			);
			name = "[CP] Embed Pods Frameworks";
			outputFileListPaths = (
				"${PODS_ROOT}/Target Support Files/Pods-Moovflix/Pods-Moovflix-frameworks-${CONFIGURATION}-output-files.xcfilelist",
			);
			runOnlyForDeploymentPostprocessing = 0;
			shellPath = /bin/sh;
			shellScript = "\"${PODS_ROOT}/Target Support Files/Pods-Moovflix/Pods-Moovflix-frameworks.sh\"\n";
			showEnvVarsInLog = 0;
		};
/* End PBXShellScriptBuildPhase section */

/* Begin PBXSourcesBuildPhase section */
		184D8A3726584D6B000DCB1F /* Sources */ = {
			isa = PBXSourcesBuildPhase;
			buildActionMask = 2147483647;
			files = (
				184D8A752658530A000DCB1F /* MovieDetailsViewController.swift in Sources */,
				184D8A7F265853A3000DCB1F /* InfiniteScrollActivityView.swift in Sources */,
				184D8A612658509C000DCB1F /* Constants.swift in Sources */,
				184D8A6B26585215000DCB1F /* MoviesTabBarContorller.swift in Sources */,
				184D8A8F265854DA000DCB1F /* MovieListViewCell.swift in Sources */,
				184D8A6F26585275000DCB1F /* MovieListViewController.swift in Sources */,
				184D8A3F26584D6B000DCB1F /* AppDelegate.swift in Sources */,
				184D8A8B265854B6000DCB1F /* MovieGridViewCell.swift in Sources */,
				184D8A6626585130000DCB1F /* MoviesAPIService.swift in Sources */,
				184D8A7C2658537F000DCB1F /* RoundedButton.swift in Sources */,
				184D8A7926585362000DCB1F /* ColumnFlowLayout.swift in Sources */,
				184D8A5C26585054000DCB1F /* Movie.swift in Sources */,
				184D8A4126584D6B000DCB1F /* SceneDelegate.swift in Sources */,
				184D8A72265852D0000DCB1F /* MovieListViewController+TableCollectionView.swift in Sources */,
			);
			runOnlyForDeploymentPostprocessing = 0;
		};
/* End PBXSourcesBuildPhase section */

/* Begin PBXVariantGroup section */
		184D8A4426584D6B000DCB1F /* Main.storyboard */ = {
			isa = PBXVariantGroup;
			children = (
				184D8A4526584D6B000DCB1F /* Base */,
			);
			name = Main.storyboard;
			sourceTree = "<group>";
		};
		184D8A4926584D6D000DCB1F /* LaunchScreen.storyboard */ = {
			isa = PBXVariantGroup;
			children = (
				184D8A4A26584D6D000DCB1F /* Base */,
			);
			name = LaunchScreen.storyboard;
			sourceTree = "<group>";
		};
/* End PBXVariantGroup section */

/* Begin XCBuildConfiguration section */
		184D8A4D26584D6D000DCB1F /* Debug */ = {
			isa = XCBuildConfiguration;
			buildSettings = {
				ALWAYS_SEARCH_USER_PATHS = NO;
				CLANG_ANALYZER_NONNULL = YES;
				CLANG_ANALYZER_NUMBER_OBJECT_CONVERSION = YES_AGGRESSIVE;
				CLANG_CXX_LANGUAGE_STANDARD = "gnu++14";
				CLANG_CXX_LIBRARY = "libc++";
				CLANG_ENABLE_MODULES = YES;
				CLANG_ENABLE_OBJC_ARC = YES;
				CLANG_ENABLE_OBJC_WEAK = YES;
				CLANG_WARN_BLOCK_CAPTURE_AUTORELEASING = YES;
				CLANG_WARN_BOOL_CONVERSION = YES;
				CLANG_WARN_COMMA = YES;
				CLANG_WARN_CONSTANT_CONVERSION = YES;
				CLANG_WARN_DEPRECATED_OBJC_IMPLEMENTATIONS = YES;
				CLANG_WARN_DIRECT_OBJC_ISA_USAGE = YES_ERROR;
				CLANG_WARN_DOCUMENTATION_COMMENTS = YES;
				CLANG_WARN_EMPTY_BODY = YES;
				CLANG_WARN_ENUM_CONVERSION = YES;
				CLANG_WARN_INFINITE_RECURSION = YES;
				CLANG_WARN_INT_CONVERSION = YES;
				CLANG_WARN_NON_LITERAL_NULL_CONVERSION = YES;
				CLANG_WARN_OBJC_IMPLICIT_RETAIN_SELF = YES;
				CLANG_WARN_OBJC_LITERAL_CONVERSION = YES;
				CLANG_WARN_OBJC_ROOT_CLASS = YES_ERROR;
				CLANG_WARN_QUOTED_INCLUDE_IN_FRAMEWORK_HEADER = YES;
				CLANG_WARN_RANGE_LOOP_ANALYSIS = YES;
				CLANG_WARN_STRICT_PROTOTYPES = YES;
				CLANG_WARN_SUSPICIOUS_MOVE = YES;
				CLANG_WARN_UNGUARDED_AVAILABILITY = YES_AGGRESSIVE;
				CLANG_WARN_UNREACHABLE_CODE = YES;
				CLANG_WARN__DUPLICATE_METHOD_MATCH = YES;
				COPY_PHASE_STRIP = NO;
				DEBUG_INFORMATION_FORMAT = dwarf;
				ENABLE_STRICT_OBJC_MSGSEND = YES;
				ENABLE_TESTABILITY = YES;
				GCC_C_LANGUAGE_STANDARD = gnu11;
				GCC_DYNAMIC_NO_PIC = NO;
				GCC_NO_COMMON_BLOCKS = YES;
				GCC_OPTIMIZATION_LEVEL = 0;
				GCC_PREPROCESSOR_DEFINITIONS = (
					"DEBUG=1",
					"$(inherited)",
				);
				GCC_WARN_64_TO_32_BIT_CONVERSION = YES;
				GCC_WARN_ABOUT_RETURN_TYPE = YES_ERROR;
				GCC_WARN_UNDECLARED_SELECTOR = YES;
				GCC_WARN_UNINITIALIZED_AUTOS = YES_AGGRESSIVE;
				GCC_WARN_UNUSED_FUNCTION = YES;
				GCC_WARN_UNUSED_VARIABLE = YES;
				IPHONEOS_DEPLOYMENT_TARGET = 14.4;
				MTL_ENABLE_DEBUG_INFO = INCLUDE_SOURCE;
				MTL_FAST_MATH = YES;
				ONLY_ACTIVE_ARCH = YES;
				SDKROOT = iphoneos;
				SWIFT_ACTIVE_COMPILATION_CONDITIONS = DEBUG;
				SWIFT_OPTIMIZATION_LEVEL = "-Onone";
			};
			name = Debug;
		};
		184D8A4E26584D6D000DCB1F /* Release */ = {
			isa = XCBuildConfiguration;
			buildSettings = {
				ALWAYS_SEARCH_USER_PATHS = NO;
				CLANG_ANALYZER_NONNULL = YES;
				CLANG_ANALYZER_NUMBER_OBJECT_CONVERSION = YES_AGGRESSIVE;
				CLANG_CXX_LANGUAGE_STANDARD = "gnu++14";
				CLANG_CXX_LIBRARY = "libc++";
				CLANG_ENABLE_MODULES = YES;
				CLANG_ENABLE_OBJC_ARC = YES;
				CLANG_ENABLE_OBJC_WEAK = YES;
				CLANG_WARN_BLOCK_CAPTURE_AUTORELEASING = YES;
				CLANG_WARN_BOOL_CONVERSION = YES;
				CLANG_WARN_COMMA = YES;
				CLANG_WARN_CONSTANT_CONVERSION = YES;
				CLANG_WARN_DEPRECATED_OBJC_IMPLEMENTATIONS = YES;
				CLANG_WARN_DIRECT_OBJC_ISA_USAGE = YES_ERROR;
				CLANG_WARN_DOCUMENTATION_COMMENTS = YES;
				CLANG_WARN_EMPTY_BODY = YES;
				CLANG_WARN_ENUM_CONVERSION = YES;
				CLANG_WARN_INFINITE_RECURSION = YES;
				CLANG_WARN_INT_CONVERSION = YES;
				CLANG_WARN_NON_LITERAL_NULL_CONVERSION = YES;
				CLANG_WARN_OBJC_IMPLICIT_RETAIN_SELF = YES;
				CLANG_WARN_OBJC_LITERAL_CONVERSION = YES;
				CLANG_WARN_OBJC_ROOT_CLASS = YES_ERROR;
				CLANG_WARN_QUOTED_INCLUDE_IN_FRAMEWORK_HEADER = YES;
				CLANG_WARN_RANGE_LOOP_ANALYSIS = YES;
				CLANG_WARN_STRICT_PROTOTYPES = YES;
				CLANG_WARN_SUSPICIOUS_MOVE = YES;
				CLANG_WARN_UNGUARDED_AVAILABILITY = YES_AGGRESSIVE;
				CLANG_WARN_UNREACHABLE_CODE = YES;
				CLANG_WARN__DUPLICATE_METHOD_MATCH = YES;
				COPY_PHASE_STRIP = NO;
				DEBUG_INFORMATION_FORMAT = "dwarf-with-dsym";
				ENABLE_NS_ASSERTIONS = NO;
				ENABLE_STRICT_OBJC_MSGSEND = YES;
				GCC_C_LANGUAGE_STANDARD = gnu11;
				GCC_NO_COMMON_BLOCKS = YES;
				GCC_WARN_64_TO_32_BIT_CONVERSION = YES;
				GCC_WARN_ABOUT_RETURN_TYPE = YES_ERROR;
				GCC_WARN_UNDECLARED_SELECTOR = YES;
				GCC_WARN_UNINITIALIZED_AUTOS = YES_AGGRESSIVE;
				GCC_WARN_UNUSED_FUNCTION = YES;
				GCC_WARN_UNUSED_VARIABLE = YES;
				IPHONEOS_DEPLOYMENT_TARGET = 14.4;
				MTL_ENABLE_DEBUG_INFO = NO;
				MTL_FAST_MATH = YES;
				SDKROOT = iphoneos;
				SWIFT_COMPILATION_MODE = wholemodule;
				SWIFT_OPTIMIZATION_LEVEL = "-O";
				VALIDATE_PRODUCT = YES;
			};
			name = Release;
		};
		184D8A5026584D6D000DCB1F /* Debug */ = {
			isa = XCBuildConfiguration;
			baseConfigurationReference = 3588245DB472DE3444E74830 /* Pods-Moovflix.debug.xcconfig */;
			buildSettings = {
				ASSETCATALOG_COMPILER_APPICON_NAME = AppIcon;
				ASSETCATALOG_COMPILER_GLOBAL_ACCENT_COLOR_NAME = AccentColor;
				CODE_SIGN_STYLE = Automatic;
				DEVELOPMENT_TEAM = 268W7E23V8;
				INFOPLIST_FILE = Moovflix/Info.plist;
				LD_RUNPATH_SEARCH_PATHS = (
					"$(inherited)",
					"@executable_path/Frameworks",
				);
				PRODUCT_BUNDLE_IDENTIFIER = com.drohealth.ios.Moovflix;
				PRODUCT_NAME = "$(TARGET_NAME)";
				SWIFT_VERSION = 5.0;
				TARGETED_DEVICE_FAMILY = "1,2";
			};
			name = Debug;
		};
		184D8A5126584D6D000DCB1F /* Release */ = {
			isa = XCBuildConfiguration;
			baseConfigurationReference = F6F70E6D4497047844F57056 /* Pods-Moovflix.release.xcconfig */;
			buildSettings = {
				ASSETCATALOG_COMPILER_APPICON_NAME = AppIcon;
				ASSETCATALOG_COMPILER_GLOBAL_ACCENT_COLOR_NAME = AccentColor;
				CODE_SIGN_STYLE = Automatic;
				DEVELOPMENT_TEAM = 268W7E23V8;
				INFOPLIST_FILE = Moovflix/Info.plist;
				LD_RUNPATH_SEARCH_PATHS = (
					"$(inherited)",
					"@executable_path/Frameworks",
				);
				PRODUCT_BUNDLE_IDENTIFIER = com.drohealth.ios.Moovflix;
				PRODUCT_NAME = "$(TARGET_NAME)";
				SWIFT_VERSION = 5.0;
				TARGETED_DEVICE_FAMILY = "1,2";
			};
			name = Release;
		};
/* End XCBuildConfiguration section */

/* Begin XCConfigurationList section */
		184D8A3626584D6B000DCB1F /* Build configuration list for PBXProject "Moovflix" */ = {
			isa = XCConfigurationList;
			buildConfigurations = (
				184D8A4D26584D6D000DCB1F /* Debug */,
				184D8A4E26584D6D000DCB1F /* Release */,
			);
			defaultConfigurationIsVisible = 0;
			defaultConfigurationName = Release;
		};
		184D8A4F26584D6D000DCB1F /* Build configuration list for PBXNativeTarget "Moovflix" */ = {
			isa = XCConfigurationList;
			buildConfigurations = (
				184D8A5026584D6D000DCB1F /* Debug */,
				184D8A5126584D6D000DCB1F /* Release */,
			);
			defaultConfigurationIsVisible = 0;
			defaultConfigurationName = Release;
		};
/* End XCConfigurationList section */
	};
	rootObject = 184D8A3326584D6B000DCB1F /* Project object */;
}
